# This file is automatically @generated by Cargo.
# It is not intended for manual editing.
[[package]]
name = "anyhow"
version = "1.0.32"
source = "registry+https://github.com/rust-lang/crates.io-index"
checksum = "6b602bfe940d21c130f3895acd65221e8a61270debe89d628b9cb4e3ccb8569b"

[[package]]
name = "bitvec"
version = "0.17.4"
source = "registry+https://github.com/rust-lang/crates.io-index"
checksum = "41262f11d771fd4a61aa3ce019fca363b4b6c282fca9da2a31186d3965a47a5c"
dependencies = [
 "either",
 "radium",
]

[[package]]
name = "either"
version = "1.6.0"
source = "registry+https://github.com/rust-lang/crates.io-index"
checksum = "cd56b59865bce947ac5958779cfa508f6c3b9497cc762b7e24a12d11ccde2c4f"

[[package]]
name = "example"
version = "0.1.0"
dependencies = [
 "lvbitfile2rust-macros",
 "ni-fpga",
 "ni-fpga-macros",
]

[[package]]
name = "lvbitfile2rust"
version = "0.1.0"
dependencies = [
 "proc-macro2",
 "quote",
 "roxmltree",
 "syn",
 "thiserror",
]

[[package]]
name = "lvbitfile2rust-cli"
version = "0.1.0"
dependencies = [
 "anyhow",
 "lvbitfile2rust",
]

[[package]]
name = "lvbitfile2rust-macros"
version = "0.1.0"
dependencies = [
 "lvbitfile2rust",
 "quote",
 "syn",
]

[[package]]
name = "ni-fpga"
version = "1.4.0"
source = "registry+https://github.com/rust-lang/crates.io-index"
checksum = "de5d78540f253a540cc1455011cb950f5b09ad9e22d16c87d0bdeab5f98f39f8"
dependencies = [
 "bitvec",
 "ni-fpga-sys",
 "thiserror",
]

[[package]]
name = "ni-fpga-macros"
version = "1.0.1"
source = "registry+https://github.com/rust-lang/crates.io-index"
checksum = "b63db566ab7c85356f297c918a92c6a8d873bedee049f19e34a51e791faa3bb6"
dependencies = [
 "quote",
 "syn",
]

[[package]]
name = "ni-fpga-sys"
version = "1.0.1"
source = "registry+https://github.com/rust-lang/crates.io-index"
checksum = "fe22ec861b584675eb2cbbd4c150c4eeb9111527ed3ef64cc75ca69adb7f0051"

[[package]]
name = "proc-macro2"
version = "1.0.19"
source = "registry+https://github.com/rust-lang/crates.io-index"
checksum = "04f5f085b5d71e2188cb8271e5da0161ad52c3f227a661a3c135fdf28e258b12"
dependencies = [
 "unicode-xid",
]

[[package]]
name = "quote"
version = "1.0.7"
source = "registry+https://github.com/rust-lang/crates.io-index"
checksum = "aa563d17ecb180e500da1cfd2b028310ac758de548efdd203e18f283af693f37"
dependencies = [
 "proc-macro2",
]

[[package]]
name = "radium"
version = "0.3.0"
source = "registry+https://github.com/rust-lang/crates.io-index"
checksum = "def50a86306165861203e7f84ecffbbdfdea79f0e51039b33de1e952358c47ac"

[[package]]
name = "roxmltree"
version = "0.13.0"
source = "registry+https://github.com/rust-lang/crates.io-index"
checksum = "17dfc6c39f846bfc7d2ec442ad12055d79608d501380789b965d22f9354451f2"
dependencies = [
 "xmlparser",
]

[[package]]
name = "syn"
version = "1.0.39"
source = "registry+https://github.com/rust-lang/crates.io-index"
checksum = "891d8d6567fe7c7f8835a3a98af4208f3846fba258c1bc3c31d6e506239f11f9"
dependencies = [
 "proc-macro2",
 "quote",
 "unicode-xid",
]

[[package]]
name = "thiserror"
version = "1.0.20"
source = "registry+https://github.com/rust-lang/crates.io-index"
checksum = "7dfdd070ccd8ccb78f4ad66bf1982dc37f620ef696c6b5028fe2ed83dd3d0d08"
dependencies = [
 "thiserror-impl",
]

[[package]]
name = "thiserror-impl"
version = "1.0.20"
source = "registry+https://github.com/rust-lang/crates.io-index"
checksum = "bd80fc12f73063ac132ac92aceea36734f04a1d93c1240c6944e23a3b8841793"
dependencies = [
 "proc-macro2",
 "quote",
 "syn",
]

[[package]]
name = "unicode-xid"
version = "0.2.1"
source = "registry+https://github.com/rust-lang/crates.io-index"
checksum = "f7fe0bb3479651439c9112f72b6c505038574c9fbb575ed1bf3b797fa39dd564"

[[package]]
name = "xmlparser"
version = "0.13.2"
source = "registry+https://github.com/rust-lang/crates.io-index"
checksum = "52613e655f6f11f63c0fe7d1c3b5ef69e44d96df9b65dab296b441ed0e1125f5"
